
Microsoft Visual Studio Solution File, Format Version 12.00
# Visual Studio Version 16
VisualStudioVersion = 16.0.29102.190
MinimumVisualStudioVersion = 10.0.40219.1
Project("{FAE04EC0-301F-11D3-BF4B-00C04F79EFBC}") = "sqlite_archive_cs", "sqlite_archive_cs.csproj", "{E9784052-2B33-48D1-8C42-5A6A81CB0383}"
EndProject
Global
	GlobalSection(SolutionConfigurationPlatforms) = preSolution
		Debug|Any CPU = Debug|Any CPU
		Release|Any CPU = Release|Any CPU
	EndGlobalSection
	GlobalSection(ProjectConfigurationPlatforms) = postSolution
		{E9784052-2B33-48D1-8C42-5A6A81CB0383}.Debug|Any CPU.ActiveCfg = Debug|Any CPU
		{E9784052-2B33-48D1-8C42-5A6A81CB0383}.Debug|Any CPU.Build.0 = Debug|Any CPU
		{E9784052-2B33-48D1-8C42-5A6A81CB0383}.Release|Any CPU.ActiveCfg = Release|Any CPU
		{E9784052-2B33-48D1-8C42-5A6A81CB0383}.Release|Any CPU.Build.0 = Release|Any CPU
	EndGlobalSection
	GlobalSection(SolutionProperties) = preSolution
		HideSolutionNode = FALSE
	EndGlobalSection
	GlobalSection(ExtensibilityGlobals) = postSolution
		SolutionGuid = {18617264-6798-47CE-9946-EA1EC98047A2}
	EndGlobalSection
EndGlobal
